<?xml version="1.0" encoding="utf-8"?>
<Project ToolsVersion="4.0" xmlns="http://schemas.microsoft.com/developer/msbuild/2003">
  <ItemGroup>
    <Filter Include="Archivos de origen">
      <UniqueIdentifier>{4FC737F1-C7A5-4376-A066-2A32D752A2FF}</UniqueIdentifier>
      <Extensions>cpp;c;cc;cxx;def;odl;idl;hpj;bat;asm;asmx</Extensions>
    </Filter>
    <Filter Include="Archivos de encabezado">
      <UniqueIdentifier>{93995380-89BD-4b04-88EB-625FBE52EBFB}</UniqueIdentifier>
      <Extensions>h;hh;hpp;hxx;hm;inl;inc;ipp;xsd</Extensions>
    </Filter>
    <Filter Include="Archivos de recursos">
      <UniqueIdentifier>{67DA6AB6-F800-4c08-8B7A-83BB121AAD01}</UniqueIdentifier>
      <Extensions>rc;ico;cur;bmp;dlg;rc2;rct;bin;rgs;gif;jpg;jpeg;jpe;resx;tiff;tif;png;wav;mfcribbon-ms</Extensions>
    </Filter>
    <Filter Include="Archivos de recursos\Modules">
      <UniqueIdentifier>{325d3840-1dd6-4e89-9292-8d0ccf6d4868}</UniqueIdentifier>
    </Filter>
    <Filter Include="Archivos de origen\SDL">
      <UniqueIdentifier>{81437315-00f3-4e71-b286-95cea83bd817}</UniqueIdentifier>
    </Filter>
    <Filter Include="Archivos de origen\ImGUI">
      <UniqueIdentifier>{cb86c57e-ea36-47a6-a009-56ae83881d1b}</UniqueIdentifier>
    </Filter>
    <Filter Include="Archivos de recursos\Panels">
      <UniqueIdentifier>{e998184a-b183-44f2-95d1-f6dc44804f6e}</UniqueIdentifier>
    </Filter>
    <Filter Include="Archivos de recursos\GameObject System">
      <UniqueIdentifier>{5614d0ec-513a-4db1-9a0d-42310478247c}</UniqueIdentifier>
    </Filter>
    <Filter Include="Archivos de recursos\Containers">
      <UniqueIdentifier>{fa5089ba-eae0-4566-b243-39592778df33}</UniqueIdentifier>
    </Filter>
    <Filter Include="Archivos de origen\MathGeoLib">
      <UniqueIdentifier>{61926c2c-da6f-4676-bc7e-24a111e56ebd}</UniqueIdentifier>
    </Filter>
    <Filter Include="Archivos de recursos\GameObject System\Components">
      <UniqueIdentifier>{b1d25467-14db-4a69-9d37-1b4e276452b1}</UniqueIdentifier>
    </Filter>
    <Filter Include="Archivos de recursos\GameObject System\Components\Renderers">
      <UniqueIdentifier>{2f923d21-a1fd-46f1-b4d1-48d2f6fce004}</UniqueIdentifier>
    </Filter>
    <Filter Include="Archivos de recursos\Shaders">
      <UniqueIdentifier>{b7221750-8c62-4047-a7e5-35d08fa68265}</UniqueIdentifier>
    </Filter>
  </ItemGroup>
  <ItemGroup>
    <ClCompile Include="..\Source\main.cpp">
      <Filter>Archivos de recursos</Filter>
    </ClCompile>
    <ClCompile Include="..\Source\Application.cpp">
      <Filter>Archivos de recursos</Filter>
    </ClCompile>
    <ClCompile Include="..\Source\ModuleInput.cpp">
      <Filter>Archivos de recursos\Modules</Filter>
    </ClCompile>
    <ClCompile Include="..\Source\ModuleRenderer.cpp">
      <Filter>Archivos de recursos\Modules</Filter>
    </ClCompile>
    <ClCompile Include="ModuleWindow.cpp">
      <Filter>Archivos de recursos\Modules</Filter>
    </ClCompile>
    <ClCompile Include="ModuleImGUI.cpp">
      <Filter>Archivos de recursos\Modules</Filter>
    </ClCompile>
    <ClCompile Include="ImGUI\include\imgui.cpp">
      <Filter>Archivos de origen\ImGUI</Filter>
    </ClCompile>
    <ClCompile Include="ImGUI\include\imgui_demo.cpp">
      <Filter>Archivos de origen\ImGUI</Filter>
    </ClCompile>
    <ClCompile Include="ImGUI\include\imgui_draw.cpp">
      <Filter>Archivos de origen\ImGUI</Filter>
    </ClCompile>
    <ClCompile Include="ImGUI\include\imgui_widgets.cpp">
      <Filter>Archivos de origen\ImGUI</Filter>
    </ClCompile>
    <ClCompile Include="ImGUI\include\imgui_impl_opengl3.cpp">
      <Filter>Archivos de origen\ImGUI</Filter>
    </ClCompile>
    <ClCompile Include="ImGUI\include\imgui_impl_sdl.cpp">
      <Filter>Archivos de origen\ImGUI</Filter>
    </ClCompile>
    <ClCompile Include="PanelHierarchy.cpp">
      <Filter>Archivos de recursos\Panels</Filter>
    </ClCompile>
    <ClCompile Include="GameObject.cpp">
      <Filter>Archivos de recursos\GameObject System</Filter>
    </ClCompile>
    <ClCompile Include="ModuleScene.cpp">
      <Filter>Archivos de recursos\Modules</Filter>
    </ClCompile>
    <ClCompile Include="PanelInspector.cpp">
      <Filter>Archivos de recursos\Panels</Filter>
    </ClCompile>
    <ClCompile Include="ImGUI\include\imgui_stdlib.cpp">
      <Filter>Archivos de origen\ImGUI</Filter>
    </ClCompile>
    <ClCompile Include="ComponentTransform.cpp">
      <Filter>Archivos de recursos\GameObject System\Components</Filter>
    </ClCompile>
    <ClCompile Include="Component.cpp">
      <Filter>Archivos de recursos\GameObject System\Components</Filter>
    </ClCompile>
    <ClCompile Include="MathGeoLib\include\Time\Clock.cpp">
      <Filter>Archivos de origen\MathGeoLib</Filter>
    </ClCompile>
    <ClCompile Include="MathGeoLib\include\Algorithm\GJK.cpp">
      <Filter>Archivos de origen\MathGeoLib</Filter>
    </ClCompile>
    <ClCompile Include="MathGeoLib\include\Algorithm\GJK2D.cpp">
      <Filter>Archivos de origen\MathGeoLib</Filter>
    </ClCompile>
    <ClCompile Include="MathGeoLib\include\Algorithm\Random\LCG.cpp">
      <Filter>Archivos de origen\MathGeoLib</Filter>
    </ClCompile>
    <ClCompile Include="MathGeoLib\include\Algorithm\SAT.cpp">
      <Filter>Archivos de origen\MathGeoLib</Filter>
    </ClCompile>
    <ClCompile Include="MathGeoLib\include\Geometry\AABB.cpp">
      <Filter>Archivos de origen\MathGeoLib</Filter>
    </ClCompile>
    <ClCompile Include="MathGeoLib\include\Geometry\Capsule.cpp">
      <Filter>Archivos de origen\MathGeoLib</Filter>
    </ClCompile>
    <ClCompile Include="MathGeoLib\include\Geometry\Circle.cpp">
      <Filter>Archivos de origen\MathGeoLib</Filter>
    </ClCompile>
    <ClCompile Include="MathGeoLib\include\Geometry\Circle2D.cpp">
      <Filter>Archivos de origen\MathGeoLib</Filter>
    </ClCompile>
    <ClCompile Include="MathGeoLib\include\Geometry\Frustum.cpp">
      <Filter>Archivos de origen\MathGeoLib</Filter>
    </ClCompile>
    <ClCompile Include="MathGeoLib\include\Geometry\Line.cpp">
      <Filter>Archivos de origen\MathGeoLib</Filter>
    </ClCompile>
    <ClCompile Include="MathGeoLib\include\Geometry\LineSegment.cpp">
      <Filter>Archivos de origen\MathGeoLib</Filter>
    </ClCompile>
    <ClCompile Include="MathGeoLib\include\Geometry\LineSegment2D.cpp">
      <Filter>Archivos de origen\MathGeoLib</Filter>
    </ClCompile>
    <ClCompile Include="MathGeoLib\include\Geometry\OBB.cpp">
      <Filter>Archivos de origen\MathGeoLib</Filter>
    </ClCompile>
    <ClCompile Include="MathGeoLib\include\Geometry\PBVolume.cpp">
      <Filter>Archivos de origen\MathGeoLib</Filter>
    </ClCompile>
    <ClCompile Include="MathGeoLib\include\Geometry\Plane.cpp">
      <Filter>Archivos de origen\MathGeoLib</Filter>
    </ClCompile>
    <ClCompile Include="MathGeoLib\include\Geometry\Polygon.cpp">
      <Filter>Archivos de origen\MathGeoLib</Filter>
    </ClCompile>
    <ClCompile Include="MathGeoLib\include\Geometry\Polyhedron.cpp">
      <Filter>Archivos de origen\MathGeoLib</Filter>
    </ClCompile>
    <ClCompile Include="MathGeoLib\include\Geometry\Ray.cpp">
      <Filter>Archivos de origen\MathGeoLib</Filter>
    </ClCompile>
    <ClCompile Include="MathGeoLib\include\Geometry\Sphere.cpp">
      <Filter>Archivos de origen\MathGeoLib</Filter>
    </ClCompile>
    <ClCompile Include="MathGeoLib\include\Geometry\Triangle.cpp">
      <Filter>Archivos de origen\MathGeoLib</Filter>
    </ClCompile>
    <ClCompile Include="MathGeoLib\include\Geometry\Triangle2D.cpp">
      <Filter>Archivos de origen\MathGeoLib</Filter>
    </ClCompile>
    <ClCompile Include="MathGeoLib\include\Geometry\TriangleMesh.cpp">
      <Filter>Archivos de origen\MathGeoLib</Filter>
    </ClCompile>
    <ClCompile Include="MathGeoLib\include\Math\BitOps.cpp">
      <Filter>Archivos de origen\MathGeoLib</Filter>
    </ClCompile>
    <ClCompile Include="MathGeoLib\include\Math\Callstack.cpp">
      <Filter>Archivos de origen\MathGeoLib</Filter>
    </ClCompile>
    <ClCompile Include="MathGeoLib\include\Math\float2.cpp">
      <Filter>Archivos de origen\MathGeoLib</Filter>
    </ClCompile>
    <ClCompile Include="MathGeoLib\include\Math\float3.cpp">
      <Filter>Archivos de origen\MathGeoLib</Filter>
    </ClCompile>
    <ClCompile Include="MathGeoLib\include\Math\float3x3.cpp">
      <Filter>Archivos de origen\MathGeoLib</Filter>
    </ClCompile>
    <ClCompile Include="MathGeoLib\include\Math\float3x4.cpp">
      <Filter>Archivos de origen\MathGeoLib</Filter>
    </ClCompile>
    <ClCompile Include="MathGeoLib\include\Math\float4.cpp">
      <Filter>Archivos de origen\MathGeoLib</Filter>
    </ClCompile>
    <ClCompile Include="MathGeoLib\include\Math\float4d.cpp">
      <Filter>Archivos de origen\MathGeoLib</Filter>
    </ClCompile>
    <ClCompile Include="MathGeoLib\include\Math\float4x4.cpp">
      <Filter>Archivos de origen\MathGeoLib</Filter>
    </ClCompile>
    <ClCompile Include="MathGeoLib\include\Math\grisu3.c">
      <Filter>Archivos de origen\MathGeoLib</Filter>
    </ClCompile>
    <ClCompile Include="MathGeoLib\include\Math\grisu3_cpp.cpp">
      <Filter>Archivos de origen\MathGeoLib</Filter>
    </ClCompile>
    <ClCompile Include="MathGeoLib\include\Math\MathFunc.cpp">
      <Filter>Archivos de origen\MathGeoLib</Filter>
    </ClCompile>
    <ClCompile Include="MathGeoLib\include\Math\MathLog.cpp">
      <Filter>Archivos de origen\MathGeoLib</Filter>
    </ClCompile>
    <ClCompile Include="MathGeoLib\include\Math\MathOps.cpp">
      <Filter>Archivos de origen\MathGeoLib</Filter>
    </ClCompile>
    <ClCompile Include="MathGeoLib\include\Math\MiniFloat.cpp">
      <Filter>Archivos de origen\MathGeoLib</Filter>
    </ClCompile>
    <ClCompile Include="MathGeoLib\include\Math\Polynomial.cpp">
      <Filter>Archivos de origen\MathGeoLib</Filter>
    </ClCompile>
    <ClCompile Include="MathGeoLib\include\Math\Quat.cpp">
      <Filter>Archivos de origen\MathGeoLib</Filter>
    </ClCompile>
    <ClCompile Include="MathGeoLib\include\Math\SSEMath.cpp">
      <Filter>Archivos de origen\MathGeoLib</Filter>
    </ClCompile>
    <ClCompile Include="MathGeoLib\include\Math\TransformOps.cpp">
      <Filter>Archivos de origen\MathGeoLib</Filter>
    </ClCompile>
    <ClCompile Include="PanelScene.cpp">
      <Filter>Archivos de recursos\Panels</Filter>
    </ClCompile>
    <ClCompile Include="ComponentCamera.cpp">
      <Filter>Archivos de recursos\GameObject System\Components</Filter>
    </ClCompile>
    <ClCompile Include="ComponentRenderer.cpp">
      <Filter>Archivos de recursos\GameObject System\Components\Renderers</Filter>
    </ClCompile>
    <ClCompile Include="ComponentMeshRenderer.cpp">
      <Filter>Archivos de recursos\GameObject System\Components\Renderers</Filter>
    </ClCompile>
  </ItemGroup>
  <ItemGroup>
    <ClInclude Include="..\Source\Application.h">
      <Filter>Archivos de recursos</Filter>
    </ClInclude>
    <ClInclude Include="..\Source\Module.h">
      <Filter>Archivos de recursos\Modules</Filter>
    </ClInclude>
    <ClInclude Include="..\Source\ModuleInput.h">
      <Filter>Archivos de recursos\Modules</Filter>
    </ClInclude>
    <ClInclude Include="..\Source\ModuleRenderer.h">
      <Filter>Archivos de recursos\Modules</Filter>
    </ClInclude>
    <ClInclude Include="..\Source\SDL\include\SDL_syswm.h">
      <Filter>Archivos de origen\SDL</Filter>
    </ClInclude>
    <ClInclude Include="..\Source\SDL\include\SDL_test.h">
      <Filter>Archivos de origen\SDL</Filter>
    </ClInclude>
    <ClInclude Include="..\Source\SDL\include\SDL_test_assert.h">
      <Filter>Archivos de origen\SDL</Filter>
    </ClInclude>
    <ClInclude Include="..\Source\SDL\include\SDL_test_common.h">
      <Filter>Archivos de origen\SDL</Filter>
    </ClInclude>
    <ClInclude Include="..\Source\SDL\include\SDL_test_compare.h">
      <Filter>Archivos de origen\SDL</Filter>
    </ClInclude>
    <ClInclude Include="..\Source\SDL\include\SDL_test_crc32.h">
      <Filter>Archivos de origen\SDL</Filter>
    </ClInclude>
    <ClInclude Include="..\Source\SDL\include\SDL_test_font.h">
      <Filter>Archivos de origen\SDL</Filter>
    </ClInclude>
    <ClInclude Include="..\Source\SDL\include\SDL_test_fuzzer.h">
      <Filter>Archivos de origen\SDL</Filter>
    </ClInclude>
    <ClInclude Include="..\Source\SDL\include\SDL_test_harness.h">
      <Filter>Archivos de origen\SDL</Filter>
    </ClInclude>
    <ClInclude Include="..\Source\SDL\include\SDL_test_images.h">
      <Filter>Archivos de origen\SDL</Filter>
    </ClInclude>
    <ClInclude Include="..\Source\SDL\include\SDL_test_log.h">
      <Filter>Archivos de origen\SDL</Filter>
    </ClInclude>
    <ClInclude Include="..\Source\SDL\include\SDL_test_md5.h">
      <Filter>Archivos de origen\SDL</Filter>
    </ClInclude>
    <ClInclude Include="..\Source\SDL\include\SDL_test_memory.h">
      <Filter>Archivos de origen\SDL</Filter>
    </ClInclude>
    <ClInclude Include="..\Source\SDL\include\SDL_test_random.h">
      <Filter>Archivos de origen\SDL</Filter>
    </ClInclude>
    <ClInclude Include="..\Source\SDL\include\SDL_thread.h">
      <Filter>Archivos de origen\SDL</Filter>
    </ClInclude>
    <ClInclude Include="..\Source\SDL\include\SDL_timer.h">
      <Filter>Archivos de origen\SDL</Filter>
    </ClInclude>
    <ClInclude Include="..\Source\SDL\include\SDL_touch.h">
      <Filter>Archivos de origen\SDL</Filter>
    </ClInclude>
    <ClInclude Include="..\Source\SDL\include\SDL_types.h">
      <Filter>Archivos de origen\SDL</Filter>
    </ClInclude>
    <ClInclude Include="..\Source\SDL\include\SDL_version.h">
      <Filter>Archivos de origen\SDL</Filter>
    </ClInclude>
    <ClInclude Include="..\Source\SDL\include\SDL_video.h">
      <Filter>Archivos de origen\SDL</Filter>
    </ClInclude>
    <ClInclude Include="..\Source\SDL\include\SDL_vulkan.h">
      <Filter>Archivos de origen\SDL</Filter>
    </ClInclude>
    <ClInclude Include="..\Source\SDL\include\begin_code.h">
      <Filter>Archivos de origen\SDL</Filter>
    </ClInclude>
    <ClInclude Include="..\Source\SDL\include\close_code.h">
      <Filter>Archivos de origen\SDL</Filter>
    </ClInclude>
    <ClInclude Include="..\Source\SDL\include\SDL.h">
      <Filter>Archivos de origen\SDL</Filter>
    </ClInclude>
    <ClInclude Include="..\Source\SDL\include\SDL_assert.h">
      <Filter>Archivos de origen\SDL</Filter>
    </ClInclude>
    <ClInclude Include="..\Source\SDL\include\SDL_atomic.h">
      <Filter>Archivos de origen\SDL</Filter>
    </ClInclude>
    <ClInclude Include="..\Source\SDL\include\SDL_audio.h">
      <Filter>Archivos de origen\SDL</Filter>
    </ClInclude>
    <ClInclude Include="..\Source\SDL\include\SDL_bits.h">
      <Filter>Archivos de origen\SDL</Filter>
    </ClInclude>
    <ClInclude Include="..\Source\SDL\include\SDL_blendmode.h">
      <Filter>Archivos de origen\SDL</Filter>
    </ClInclude>
    <ClInclude Include="..\Source\SDL\include\SDL_clipboard.h">
      <Filter>Archivos de origen\SDL</Filter>
    </ClInclude>
    <ClInclude Include="..\Source\SDL\include\SDL_config.h">
      <Filter>Archivos de origen\SDL</Filter>
    </ClInclude>
    <ClInclude Include="..\Source\SDL\include\SDL_config_android.h">
      <Filter>Archivos de origen\SDL</Filter>
    </ClInclude>
    <ClInclude Include="..\Source\SDL\include\SDL_config_iphoneos.h">
      <Filter>Archivos de origen\SDL</Filter>
    </ClInclude>
    <ClInclude Include="..\Source\SDL\include\SDL_config_macosx.h">
      <Filter>Archivos de origen\SDL</Filter>
    </ClInclude>
    <ClInclude Include="..\Source\SDL\include\SDL_config_minimal.h">
      <Filter>Archivos de origen\SDL</Filter>
    </ClInclude>
    <ClInclude Include="..\Source\SDL\include\SDL_config_os2.h">
      <Filter>Archivos de origen\SDL</Filter>
    </ClInclude>
    <ClInclude Include="..\Source\SDL\include\SDL_config_pandora.h">
      <Filter>Archivos de origen\SDL</Filter>
    </ClInclude>
    <ClInclude Include="..\Source\SDL\include\SDL_config_psp.h">
      <Filter>Archivos de origen\SDL</Filter>
    </ClInclude>
    <ClInclude Include="..\Source\SDL\include\SDL_config_windows.h">
      <Filter>Archivos de origen\SDL</Filter>
    </ClInclude>
    <ClInclude Include="..\Source\SDL\include\SDL_config_winrt.h">
      <Filter>Archivos de origen\SDL</Filter>
    </ClInclude>
    <ClInclude Include="..\Source\SDL\include\SDL_config_wiz.h">
      <Filter>Archivos de origen\SDL</Filter>
    </ClInclude>
    <ClInclude Include="..\Source\SDL\include\SDL_copying.h">
      <Filter>Archivos de origen\SDL</Filter>
    </ClInclude>
    <ClInclude Include="..\Source\SDL\include\SDL_cpuinfo.h">
      <Filter>Archivos de origen\SDL</Filter>
    </ClInclude>
    <ClInclude Include="..\Source\SDL\include\SDL_egl.h">
      <Filter>Archivos de origen\SDL</Filter>
    </ClInclude>
    <ClInclude Include="..\Source\SDL\include\SDL_endian.h">
      <Filter>Archivos de origen\SDL</Filter>
    </ClInclude>
    <ClInclude Include="..\Source\SDL\include\SDL_error.h">
      <Filter>Archivos de origen\SDL</Filter>
    </ClInclude>
    <ClInclude Include="..\Source\SDL\include\SDL_events.h">
      <Filter>Archivos de origen\SDL</Filter>
    </ClInclude>
    <ClInclude Include="..\Source\SDL\include\SDL_filesystem.h">
      <Filter>Archivos de origen\SDL</Filter>
    </ClInclude>
    <ClInclude Include="..\Source\SDL\include\SDL_gamecontroller.h">
      <Filter>Archivos de origen\SDL</Filter>
    </ClInclude>
    <ClInclude Include="..\Source\SDL\include\SDL_gesture.h">
      <Filter>Archivos de origen\SDL</Filter>
    </ClInclude>
    <ClInclude Include="..\Source\SDL\include\SDL_haptic.h">
      <Filter>Archivos de origen\SDL</Filter>
    </ClInclude>
    <ClInclude Include="..\Source\SDL\include\SDL_hints.h">
      <Filter>Archivos de origen\SDL</Filter>
    </ClInclude>
    <ClInclude Include="..\Source\SDL\include\SDL_joystick.h">
      <Filter>Archivos de origen\SDL</Filter>
    </ClInclude>
    <ClInclude Include="..\Source\SDL\include\SDL_keyboard.h">
      <Filter>Archivos de origen\SDL</Filter>
    </ClInclude>
    <ClInclude Include="..\Source\SDL\include\SDL_keycode.h">
      <Filter>Archivos de origen\SDL</Filter>
    </ClInclude>
    <ClInclude Include="..\Source\SDL\include\SDL_loadso.h">
      <Filter>Archivos de origen\SDL</Filter>
    </ClInclude>
    <ClInclude Include="..\Source\SDL\include\SDL_log.h">
      <Filter>Archivos de origen\SDL</Filter>
    </ClInclude>
    <ClInclude Include="..\Source\SDL\include\SDL_main.h">
      <Filter>Archivos de origen\SDL</Filter>
    </ClInclude>
    <ClInclude Include="..\Source\SDL\include\SDL_messagebox.h">
      <Filter>Archivos de origen\SDL</Filter>
    </ClInclude>
    <ClInclude Include="..\Source\SDL\include\SDL_mouse.h">
      <Filter>Archivos de origen\SDL</Filter>
    </ClInclude>
    <ClInclude Include="..\Source\SDL\include\SDL_mutex.h">
      <Filter>Archivos de origen\SDL</Filter>
    </ClInclude>
    <ClInclude Include="..\Source\SDL\include\SDL_name.h">
      <Filter>Archivos de origen\SDL</Filter>
    </ClInclude>
    <ClInclude Include="..\Source\SDL\include\SDL_opengl.h">
      <Filter>Archivos de origen\SDL</Filter>
    </ClInclude>
    <ClInclude Include="..\Source\SDL\include\SDL_opengl_glext.h">
      <Filter>Archivos de origen\SDL</Filter>
    </ClInclude>
    <ClInclude Include="..\Source\SDL\include\SDL_opengles.h">
      <Filter>Archivos de origen\SDL</Filter>
    </ClInclude>
    <ClInclude Include="..\Source\SDL\include\SDL_opengles2.h">
      <Filter>Archivos de origen\SDL</Filter>
    </ClInclude>
    <ClInclude Include="..\Source\SDL\include\SDL_opengles2_gl2.h">
      <Filter>Archivos de origen\SDL</Filter>
    </ClInclude>
    <ClInclude Include="..\Source\SDL\include\SDL_opengles2_gl2ext.h">
      <Filter>Archivos de origen\SDL</Filter>
    </ClInclude>
    <ClInclude Include="..\Source\SDL\include\SDL_opengles2_gl2platform.h">
      <Filter>Archivos de origen\SDL</Filter>
    </ClInclude>
    <ClInclude Include="..\Source\SDL\include\SDL_opengles2_khrplatform.h">
      <Filter>Archivos de origen\SDL</Filter>
    </ClInclude>
    <ClInclude Include="..\Source\SDL\include\SDL_pixels.h">
      <Filter>Archivos de origen\SDL</Filter>
    </ClInclude>
    <ClInclude Include="..\Source\SDL\include\SDL_platform.h">
      <Filter>Archivos de origen\SDL</Filter>
    </ClInclude>
    <ClInclude Include="..\Source\SDL\include\SDL_power.h">
      <Filter>Archivos de origen\SDL</Filter>
    </ClInclude>
    <ClInclude Include="..\Source\SDL\include\SDL_quit.h">
      <Filter>Archivos de origen\SDL</Filter>
    </ClInclude>
    <ClInclude Include="..\Source\SDL\include\SDL_rect.h">
      <Filter>Archivos de origen\SDL</Filter>
    </ClInclude>
    <ClInclude Include="..\Source\SDL\include\SDL_render.h">
      <Filter>Archivos de origen\SDL</Filter>
    </ClInclude>
    <ClInclude Include="..\Source\SDL\include\SDL_revision.h">
      <Filter>Archivos de origen\SDL</Filter>
    </ClInclude>
    <ClInclude Include="..\Source\SDL\include\SDL_rwops.h">
      <Filter>Archivos de origen\SDL</Filter>
    </ClInclude>
    <ClInclude Include="..\Source\SDL\include\SDL_scancode.h">
      <Filter>Archivos de origen\SDL</Filter>
    </ClInclude>
    <ClInclude Include="..\Source\SDL\include\SDL_sensor.h">
      <Filter>Archivos de origen\SDL</Filter>
    </ClInclude>
    <ClInclude Include="..\Source\SDL\include\SDL_shape.h">
      <Filter>Archivos de origen\SDL</Filter>
    </ClInclude>
    <ClInclude Include="..\Source\SDL\include\SDL_stdinc.h">
      <Filter>Archivos de origen\SDL</Filter>
    </ClInclude>
    <ClInclude Include="..\Source\SDL\include\SDL_surface.h">
      <Filter>Archivos de origen\SDL</Filter>
    </ClInclude>
    <ClInclude Include="..\Source\SDL\include\SDL_system.h">
      <Filter>Archivos de origen\SDL</Filter>
    </ClInclude>
    <ClInclude Include="ModuleWindow.h">
      <Filter>Archivos de recursos\Modules</Filter>
    </ClInclude>
    <ClInclude Include="Globals.h">
      <Filter>Archivos de recursos</Filter>
    </ClInclude>
    <ClInclude Include="ModuleImGUI.h">
      <Filter>Archivos de recursos\Modules</Filter>
    </ClInclude>
    <ClInclude Include="ImGUI\include\imconfig.h">
      <Filter>Archivos de origen\ImGUI</Filter>
    </ClInclude>
    <ClInclude Include="ImGUI\include\imgui.h">
      <Filter>Archivos de origen\ImGUI</Filter>
    </ClInclude>
    <ClInclude Include="ImGUI\include\imgui_internal.h">
      <Filter>Archivos de origen\ImGUI</Filter>
    </ClInclude>
    <ClInclude Include="ImGUI\include\imstb_rectpack.h">
      <Filter>Archivos de origen\ImGUI</Filter>
    </ClInclude>
    <ClInclude Include="ImGUI\include\imstb_textedit.h">
      <Filter>Archivos de origen\ImGUI</Filter>
    </ClInclude>
    <ClInclude Include="ImGUI\include\imstb_truetype.h">
      <Filter>Archivos de origen\ImGUI</Filter>
    </ClInclude>
    <ClInclude Include="ImGUI\include\imgui_impl_opengl3.h">
      <Filter>Archivos de origen\ImGUI</Filter>
    </ClInclude>
    <ClInclude Include="ImGUI\include\imgui_impl_sdl.h">
      <Filter>Archivos de origen\ImGUI</Filter>
    </ClInclude>
    <ClInclude Include="PanelHierarchy.h">
      <Filter>Archivos de recursos\Panels</Filter>
    </ClInclude>
    <ClInclude Include="Panel.h">
      <Filter>Archivos de recursos\Panels</Filter>
    </ClInclude>
    <ClInclude Include="GameObject.h">
      <Filter>Archivos de recursos\GameObject System</Filter>
    </ClInclude>
    <ClInclude Include="ModuleScene.h">
      <Filter>Archivos de recursos\Modules</Filter>
    </ClInclude>
    <ClInclude Include="PanelInspector.h">
      <Filter>Archivos de recursos\Panels</Filter>
    </ClInclude>
    <ClInclude Include="Selection.h">
      <Filter>Archivos de recursos\Containers</Filter>
    </ClInclude>
    <ClInclude Include="ImGUI\include\imgui_stdlib.h">
      <Filter>Archivos de origen\ImGUI</Filter>
    </ClInclude>
    <ClInclude Include="Component.h">
      <Filter>Archivos de recursos\GameObject System\Components</Filter>
    </ClInclude>
    <ClInclude Include="ComponentTransform.h">
      <Filter>Archivos de recursos\GameObject System\Components</Filter>
    </ClInclude>
    <ClInclude Include="MathGeoLib\include\Time\Clock.h">
      <Filter>Archivos de origen\MathGeoLib</Filter>
    </ClInclude>
    <ClInclude Include="MathGeoLib\include\MathBuildConfig.h">
      <Filter>Archivos de origen\MathGeoLib</Filter>
    </ClInclude>
    <ClInclude Include="MathGeoLib\include\MathGeoLib.h">
      <Filter>Archivos de origen\MathGeoLib</Filter>
    </ClInclude>
    <ClInclude Include="MathGeoLib\include\MathGeoLibFwd.h">
      <Filter>Archivos de origen\MathGeoLib</Filter>
    </ClInclude>
    <ClInclude Include="MathGeoLib\include\Algorithm\GJK.h">
      <Filter>Archivos de origen\MathGeoLib</Filter>
    </ClInclude>
    <ClInclude Include="MathGeoLib\include\Algorithm\GJK2D.h">
      <Filter>Archivos de origen\MathGeoLib</Filter>
    </ClInclude>
    <ClInclude Include="MathGeoLib\include\Algorithm\Random\LCG.h">
      <Filter>Archivos de origen\MathGeoLib</Filter>
    </ClInclude>
    <ClInclude Include="MathGeoLib\include\Algorithm\SAT.h">
      <Filter>Archivos de origen\MathGeoLib</Filter>
    </ClInclude>
    <ClInclude Include="MathGeoLib\include\emscripten\library_system.h">
      <Filter>Archivos de origen\MathGeoLib</Filter>
    </ClInclude>
    <ClInclude Include="MathGeoLib\include\Geometry\AABB.h">
      <Filter>Archivos de origen\MathGeoLib</Filter>
    </ClInclude>
    <ClInclude Include="MathGeoLib\include\Geometry\AABB2D.h">
      <Filter>Archivos de origen\MathGeoLib</Filter>
    </ClInclude>
    <ClInclude Include="MathGeoLib\include\Geometry\Capsule.h">
      <Filter>Archivos de origen\MathGeoLib</Filter>
    </ClInclude>
    <ClInclude Include="MathGeoLib\include\Geometry\Circle.h">
      <Filter>Archivos de origen\MathGeoLib</Filter>
    </ClInclude>
    <ClInclude Include="MathGeoLib\include\Geometry\Circle2D.h">
      <Filter>Archivos de origen\MathGeoLib</Filter>
    </ClInclude>
    <ClInclude Include="MathGeoLib\include\Geometry\Frustum.h">
      <Filter>Archivos de origen\MathGeoLib</Filter>
    </ClInclude>
    <ClInclude Include="MathGeoLib\include\Geometry\GeometryAll.h">
      <Filter>Archivos de origen\MathGeoLib</Filter>
    </ClInclude>
    <ClInclude Include="MathGeoLib\include\Geometry\GeomType.h">
      <Filter>Archivos de origen\MathGeoLib</Filter>
    </ClInclude>
    <ClInclude Include="MathGeoLib\include\Geometry\HitInfo.h">
      <Filter>Archivos de origen\MathGeoLib</Filter>
    </ClInclude>
    <ClInclude Include="MathGeoLib\include\Geometry\KDTree.h">
      <Filter>Archivos de origen\MathGeoLib</Filter>
    </ClInclude>
    <ClInclude Include="MathGeoLib\include\Geometry\Line.h">
      <Filter>Archivos de origen\MathGeoLib</Filter>
    </ClInclude>
    <ClInclude Include="MathGeoLib\include\Geometry\LineSegment.h">
      <Filter>Archivos de origen\MathGeoLib</Filter>
    </ClInclude>
    <ClInclude Include="MathGeoLib\include\Geometry\LineSegment2D.h">
      <Filter>Archivos de origen\MathGeoLib</Filter>
    </ClInclude>
    <ClInclude Include="MathGeoLib\include\Geometry\OBB.h">
      <Filter>Archivos de origen\MathGeoLib</Filter>
    </ClInclude>
    <ClInclude Include="MathGeoLib\include\Geometry\OBB2D.h">
      <Filter>Archivos de origen\MathGeoLib</Filter>
    </ClInclude>
    <ClInclude Include="MathGeoLib\include\Geometry\PBVolume.h">
      <Filter>Archivos de origen\MathGeoLib</Filter>
    </ClInclude>
    <ClInclude Include="MathGeoLib\include\Geometry\Plane.h">
      <Filter>Archivos de origen\MathGeoLib</Filter>
    </ClInclude>
    <ClInclude Include="MathGeoLib\include\Geometry\Polygon.h">
      <Filter>Archivos de origen\MathGeoLib</Filter>
    </ClInclude>
    <ClInclude Include="MathGeoLib\include\Geometry\Polygon2DRef.h">
      <Filter>Archivos de origen\MathGeoLib</Filter>
    </ClInclude>
    <ClInclude Include="MathGeoLib\include\Geometry\Polyhedron.h">
      <Filter>Archivos de origen\MathGeoLib</Filter>
    </ClInclude>
    <ClInclude Include="MathGeoLib\include\Geometry\QuadTree.h">
      <Filter>Archivos de origen\MathGeoLib</Filter>
    </ClInclude>
    <ClInclude Include="MathGeoLib\include\Geometry\Ray.h">
      <Filter>Archivos de origen\MathGeoLib</Filter>
    </ClInclude>
    <ClInclude Include="MathGeoLib\include\Geometry\Sphere.h">
      <Filter>Archivos de origen\MathGeoLib</Filter>
    </ClInclude>
    <ClInclude Include="MathGeoLib\include\Geometry\Triangle.h">
      <Filter>Archivos de origen\MathGeoLib</Filter>
    </ClInclude>
    <ClInclude Include="MathGeoLib\include\Geometry\Triangle2D.h">
      <Filter>Archivos de origen\MathGeoLib</Filter>
    </ClInclude>
    <ClInclude Include="MathGeoLib\include\Geometry\TriangleMesh.h">
      <Filter>Archivos de origen\MathGeoLib</Filter>
    </ClInclude>
    <ClInclude Include="MathGeoLib\include\Math\assume.h">
      <Filter>Archivos de origen\MathGeoLib</Filter>
    </ClInclude>
    <ClInclude Include="MathGeoLib\include\Math\BitOps.h">
      <Filter>Archivos de origen\MathGeoLib</Filter>
    </ClInclude>
    <ClInclude Include="MathGeoLib\include\Math\Callstack.h">
      <Filter>Archivos de origen\MathGeoLib</Filter>
    </ClInclude>
    <ClInclude Include="MathGeoLib\include\Math\FixedPoint.h">
      <Filter>Archivos de origen\MathGeoLib</Filter>
    </ClInclude>
    <ClInclude Include="MathGeoLib\include\Math\float2.h">
      <Filter>Archivos de origen\MathGeoLib</Filter>
    </ClInclude>
    <ClInclude Include="MathGeoLib\include\Math\float3.h">
      <Filter>Archivos de origen\MathGeoLib</Filter>
    </ClInclude>
    <ClInclude Include="MathGeoLib\include\Math\float3x3.h">
      <Filter>Archivos de origen\MathGeoLib</Filter>
    </ClInclude>
    <ClInclude Include="MathGeoLib\include\Math\float3x4.h">
      <Filter>Archivos de origen\MathGeoLib</Filter>
    </ClInclude>
    <ClInclude Include="MathGeoLib\include\Math\float4.h">
      <Filter>Archivos de origen\MathGeoLib</Filter>
    </ClInclude>
    <ClInclude Include="MathGeoLib\include\Math\float4d.h">
      <Filter>Archivos de origen\MathGeoLib</Filter>
    </ClInclude>
    <ClInclude Include="MathGeoLib\include\Math\float4x4.h">
      <Filter>Archivos de origen\MathGeoLib</Filter>
    </ClInclude>
    <ClInclude Include="MathGeoLib\include\Math\float4x4_neon.h">
      <Filter>Archivos de origen\MathGeoLib</Filter>
    </ClInclude>
    <ClInclude Include="MathGeoLib\include\Math\float4x4_sse.h">
      <Filter>Archivos de origen\MathGeoLib</Filter>
    </ClInclude>
    <ClInclude Include="MathGeoLib\include\Math\float4_neon.h">
      <Filter>Archivos de origen\MathGeoLib</Filter>
    </ClInclude>
    <ClInclude Include="MathGeoLib\include\Math\float4_sse.h">
      <Filter>Archivos de origen\MathGeoLib</Filter>
    </ClInclude>
    <ClInclude Include="MathGeoLib\include\Math\FloatCmp.h">
      <Filter>Archivos de origen\MathGeoLib</Filter>
    </ClInclude>
    <ClInclude Include="MathGeoLib\include\Math\grisu3.h">
      <Filter>Archivos de origen\MathGeoLib</Filter>
    </ClInclude>
    <ClInclude Include="MathGeoLib\include\Math\InclWindows.h">
      <Filter>Archivos de origen\MathGeoLib</Filter>
    </ClInclude>
    <ClInclude Include="MathGeoLib\include\Math\MathAll.h">
      <Filter>Archivos de origen\MathGeoLib</Filter>
    </ClInclude>
    <ClInclude Include="MathGeoLib\include\Math\MathConstants.h">
      <Filter>Archivos de origen\MathGeoLib</Filter>
    </ClInclude>
    <ClInclude Include="MathGeoLib\include\Math\MathFunc.h">
      <Filter>Archivos de origen\MathGeoLib</Filter>
    </ClInclude>
    <ClInclude Include="MathGeoLib\include\Math\MathLog.h">
      <Filter>Archivos de origen\MathGeoLib</Filter>
    </ClInclude>
    <ClInclude Include="MathGeoLib\include\Math\MathNamespace.h">
      <Filter>Archivos de origen\MathGeoLib</Filter>
    </ClInclude>
    <ClInclude Include="MathGeoLib\include\Math\MathTypes.h">
      <Filter>Archivos de origen\MathGeoLib</Filter>
    </ClInclude>
    <ClInclude Include="MathGeoLib\include\Math\MatrixProxy.h">
      <Filter>Archivos de origen\MathGeoLib</Filter>
    </ClInclude>
    <ClInclude Include="MathGeoLib\include\Math\MiniFloat.h">
      <Filter>Archivos de origen\MathGeoLib</Filter>
    </ClInclude>
    <ClInclude Include="MathGeoLib\include\Math\MultiLineMacro.h">
      <Filter>Archivos de origen\MathGeoLib</Filter>
    </ClInclude>
    <ClInclude Include="MathGeoLib\include\Math\myassert.h">
      <Filter>Archivos de origen\MathGeoLib</Filter>
    </ClInclude>
    <ClInclude Include="MathGeoLib\include\Math\Polynomial.h">
      <Filter>Archivos de origen\MathGeoLib</Filter>
    </ClInclude>
    <ClInclude Include="MathGeoLib\include\Math\Quat.h">
      <Filter>Archivos de origen\MathGeoLib</Filter>
    </ClInclude>
    <ClInclude Include="MathGeoLib\include\Math\quat_simd.h">
      <Filter>Archivos de origen\MathGeoLib</Filter>
    </ClInclude>
    <ClInclude Include="MathGeoLib\include\Math\Rect.h">
      <Filter>Archivos de origen\MathGeoLib</Filter>
    </ClInclude>
    <ClInclude Include="MathGeoLib\include\Math\Reinterpret.h">
      <Filter>Archivos de origen\MathGeoLib</Filter>
    </ClInclude>
    <ClInclude Include="MathGeoLib\include\Math\simd.h">
      <Filter>Archivos de origen\MathGeoLib</Filter>
    </ClInclude>
    <ClInclude Include="MathGeoLib\include\Math\SSEMath.h">
      <Filter>Archivos de origen\MathGeoLib</Filter>
    </ClInclude>
    <ClInclude Include="MathGeoLib\include\Math\sse_mathfun.h">
      <Filter>Archivos de origen\MathGeoLib</Filter>
    </ClInclude>
    <ClInclude Include="MathGeoLib\include\Math\Swap.h">
      <Filter>Archivos de origen\MathGeoLib</Filter>
    </ClInclude>
    <ClInclude Include="MathGeoLib\include\Math\TransformOps.h">
      <Filter>Archivos de origen\MathGeoLib</Filter>
    </ClInclude>
    <ClInclude Include="MathGeoLib\include\Math\vec2d.h">
      <Filter>Archivos de origen\MathGeoLib</Filter>
    </ClInclude>
    <ClInclude Include="PanelScene.h">
      <Filter>Archivos de recursos\Panels</Filter>
    </ClInclude>
    <ClInclude Include="ComponentCamera.h">
      <Filter>Archivos de recursos\GameObject System\Components</Filter>
    </ClInclude>
    <ClInclude Include="ComponentRenderer.h">
      <Filter>Archivos de recursos\GameObject System\Components\Renderers</Filter>
    </ClInclude>
    <ClInclude Include="ComponentMeshRenderer.h">
      <Filter>Archivos de recursos\GameObject System\Components\Renderers</Filter>
    </ClInclude>
  </ItemGroup>
  <ItemGroup>
    <None Include="..\Source\SDL\include\SDL_config.h.cmake">
      <Filter>Archivos de origen\SDL</Filter>
    </None>
    <None Include="..\Source\SDL\include\SDL_config.h.in">
      <Filter>Archivos de origen\SDL</Filter>
    </None>
    <None Include="MathGeoLib\include\Geometry\KDTree.inl">
      <Filter>Archivos de origen\MathGeoLib</Filter>
    </None>
    <None Include="MathGeoLib\include\Geometry\QuadTree.inl">
      <Filter>Archivos de origen\MathGeoLib</Filter>
    </None>
    <None Include="MathGeoLib\include\Geometry\TriangleMesh_IntersectRay_AVX.inl">
      <Filter>Archivos de origen\MathGeoLib</Filter>
    </None>
    <None Include="MathGeoLib\include\Geometry\TriangleMesh_IntersectRay_CPP.inl">
      <Filter>Archivos de origen\MathGeoLib</Filter>
    </None>
    <None Include="MathGeoLib\include\Geometry\TriangleMesh_IntersectRay_SSE.inl">
      <Filter>Archivos de origen\MathGeoLib</Filter>
    </None>
    <None Include="MathGeoLib\include\Math\float2.inl">
      <Filter>Archivos de origen\MathGeoLib</Filter>
    </None>
    <None Include="MathGeoLib\include\Math\Matrix.inl">
      <Filter>Archivos de origen\MathGeoLib</Filter>
    </None>
    <None Include="DefaultShader.h">
      <Filter>Archivos de recursos\Shaders</Filter>
    </None>
  </ItemGroup>
</Project>