<?xml version="1.0" encoding="utf-8"?>
<Project ToolsVersion="4.0" xmlns="http://schemas.microsoft.com/developer/msbuild/2003">
  <ItemGroup>
    <Filter Include="Archivos de origen">
      <UniqueIdentifier>{4FC737F1-C7A5-4376-A066-2A32D752A2FF}</UniqueIdentifier>
      <Extensions>cpp;c;cc;cxx;def;odl;idl;hpj;bat;asm;asmx</Extensions>
    </Filter>
    <Filter Include="Archivos de encabezado">
      <UniqueIdentifier>{93995380-89BD-4b04-88EB-625FBE52EBFB}</UniqueIdentifier>
      <Extensions>h;hh;hpp;hxx;hm;inl;inc;ipp;xsd</Extensions>
    </Filter>
    <Filter Include="Archivos de recursos">
      <UniqueIdentifier>{67DA6AB6-F800-4c08-8B7A-83BB121AAD01}</UniqueIdentifier>
      <Extensions>rc;ico;cur;bmp;dlg;rc2;rct;bin;rgs;gif;jpg;jpeg;jpe;resx;tiff;tif;png;wav;mfcribbon-ms</Extensions>
    </Filter>
    <Filter Include="Archivos de recursos\Modules">
      <UniqueIdentifier>{325d3840-1dd6-4e89-9292-8d0ccf6d4868}</UniqueIdentifier>
    </Filter>
    <Filter Include="Archivos de origen\SDL">
      <UniqueIdentifier>{81437315-00f3-4e71-b286-95cea83bd817}</UniqueIdentifier>
    </Filter>
    <Filter Include="Archivos de origen\ImGUI">
      <UniqueIdentifier>{cb86c57e-ea36-47a6-a009-56ae83881d1b}</UniqueIdentifier>
    </Filter>
    <Filter Include="Archivos de recursos\Panels">
      <UniqueIdentifier>{e998184a-b183-44f2-95d1-f6dc44804f6e}</UniqueIdentifier>
    </Filter>
    <Filter Include="Archivos de recursos\GameObject System">
      <UniqueIdentifier>{5614d0ec-513a-4db1-9a0d-42310478247c}</UniqueIdentifier>
    </Filter>
  </ItemGroup>
  <ItemGroup>
    <ClCompile Include="..\Source\main.cpp">
      <Filter>Archivos de recursos</Filter>
    </ClCompile>
    <ClCompile Include="..\Source\Application.cpp">
      <Filter>Archivos de recursos</Filter>
    </ClCompile>
    <ClCompile Include="..\Source\ModuleInput.cpp">
      <Filter>Archivos de recursos\Modules</Filter>
    </ClCompile>
    <ClCompile Include="..\Source\ModuleRenderer.cpp">
      <Filter>Archivos de recursos\Modules</Filter>
    </ClCompile>
    <ClCompile Include="ModuleWindow.cpp">
      <Filter>Archivos de recursos\Modules</Filter>
    </ClCompile>
    <ClCompile Include="ModuleImGUI.cpp">
      <Filter>Archivos de recursos\Modules</Filter>
    </ClCompile>
    <ClCompile Include="ImGUI\include\imgui.cpp">
      <Filter>Archivos de origen\ImGUI</Filter>
    </ClCompile>
    <ClCompile Include="ImGUI\include\imgui_demo.cpp">
      <Filter>Archivos de origen\ImGUI</Filter>
    </ClCompile>
    <ClCompile Include="ImGUI\include\imgui_draw.cpp">
      <Filter>Archivos de origen\ImGUI</Filter>
    </ClCompile>
    <ClCompile Include="ImGUI\include\imgui_widgets.cpp">
      <Filter>Archivos de origen\ImGUI</Filter>
    </ClCompile>
    <ClCompile Include="ImGUI\include\imgui_impl_opengl3.cpp">
      <Filter>Archivos de origen\ImGUI</Filter>
    </ClCompile>
    <ClCompile Include="ImGUI\include\imgui_impl_sdl.cpp">
      <Filter>Archivos de origen\ImGUI</Filter>
    </ClCompile>
    <ClCompile Include="PanelHierarchy.cpp">
      <Filter>Archivos de recursos\Panels</Filter>
    </ClCompile>
    <ClCompile Include="GameObject.cpp">
      <Filter>Archivos de recursos\GameObject System</Filter>
    </ClCompile>
    <ClCompile Include="ModuleScene.cpp">
      <Filter>Archivos de recursos\Modules</Filter>
    </ClCompile>
  </ItemGroup>
  <ItemGroup>
    <ClInclude Include="..\Source\Application.h">
      <Filter>Archivos de recursos</Filter>
    </ClInclude>
    <ClInclude Include="..\Source\Module.h">
      <Filter>Archivos de recursos\Modules</Filter>
    </ClInclude>
    <ClInclude Include="..\Source\ModuleInput.h">
      <Filter>Archivos de recursos\Modules</Filter>
    </ClInclude>
    <ClInclude Include="..\Source\ModuleRenderer.h">
      <Filter>Archivos de recursos\Modules</Filter>
    </ClInclude>
    <ClInclude Include="..\Source\SDL\include\SDL_syswm.h">
      <Filter>Archivos de origen\SDL</Filter>
    </ClInclude>
    <ClInclude Include="..\Source\SDL\include\SDL_test.h">
      <Filter>Archivos de origen\SDL</Filter>
    </ClInclude>
    <ClInclude Include="..\Source\SDL\include\SDL_test_assert.h">
      <Filter>Archivos de origen\SDL</Filter>
    </ClInclude>
    <ClInclude Include="..\Source\SDL\include\SDL_test_common.h">
      <Filter>Archivos de origen\SDL</Filter>
    </ClInclude>
    <ClInclude Include="..\Source\SDL\include\SDL_test_compare.h">
      <Filter>Archivos de origen\SDL</Filter>
    </ClInclude>
    <ClInclude Include="..\Source\SDL\include\SDL_test_crc32.h">
      <Filter>Archivos de origen\SDL</Filter>
    </ClInclude>
    <ClInclude Include="..\Source\SDL\include\SDL_test_font.h">
      <Filter>Archivos de origen\SDL</Filter>
    </ClInclude>
    <ClInclude Include="..\Source\SDL\include\SDL_test_fuzzer.h">
      <Filter>Archivos de origen\SDL</Filter>
    </ClInclude>
    <ClInclude Include="..\Source\SDL\include\SDL_test_harness.h">
      <Filter>Archivos de origen\SDL</Filter>
    </ClInclude>
    <ClInclude Include="..\Source\SDL\include\SDL_test_images.h">
      <Filter>Archivos de origen\SDL</Filter>
    </ClInclude>
    <ClInclude Include="..\Source\SDL\include\SDL_test_log.h">
      <Filter>Archivos de origen\SDL</Filter>
    </ClInclude>
    <ClInclude Include="..\Source\SDL\include\SDL_test_md5.h">
      <Filter>Archivos de origen\SDL</Filter>
    </ClInclude>
    <ClInclude Include="..\Source\SDL\include\SDL_test_memory.h">
      <Filter>Archivos de origen\SDL</Filter>
    </ClInclude>
    <ClInclude Include="..\Source\SDL\include\SDL_test_random.h">
      <Filter>Archivos de origen\SDL</Filter>
    </ClInclude>
    <ClInclude Include="..\Source\SDL\include\SDL_thread.h">
      <Filter>Archivos de origen\SDL</Filter>
    </ClInclude>
    <ClInclude Include="..\Source\SDL\include\SDL_timer.h">
      <Filter>Archivos de origen\SDL</Filter>
    </ClInclude>
    <ClInclude Include="..\Source\SDL\include\SDL_touch.h">
      <Filter>Archivos de origen\SDL</Filter>
    </ClInclude>
    <ClInclude Include="..\Source\SDL\include\SDL_types.h">
      <Filter>Archivos de origen\SDL</Filter>
    </ClInclude>
    <ClInclude Include="..\Source\SDL\include\SDL_version.h">
      <Filter>Archivos de origen\SDL</Filter>
    </ClInclude>
    <ClInclude Include="..\Source\SDL\include\SDL_video.h">
      <Filter>Archivos de origen\SDL</Filter>
    </ClInclude>
    <ClInclude Include="..\Source\SDL\include\SDL_vulkan.h">
      <Filter>Archivos de origen\SDL</Filter>
    </ClInclude>
    <ClInclude Include="..\Source\SDL\include\begin_code.h">
      <Filter>Archivos de origen\SDL</Filter>
    </ClInclude>
    <ClInclude Include="..\Source\SDL\include\close_code.h">
      <Filter>Archivos de origen\SDL</Filter>
    </ClInclude>
    <ClInclude Include="..\Source\SDL\include\SDL.h">
      <Filter>Archivos de origen\SDL</Filter>
    </ClInclude>
    <ClInclude Include="..\Source\SDL\include\SDL_assert.h">
      <Filter>Archivos de origen\SDL</Filter>
    </ClInclude>
    <ClInclude Include="..\Source\SDL\include\SDL_atomic.h">
      <Filter>Archivos de origen\SDL</Filter>
    </ClInclude>
    <ClInclude Include="..\Source\SDL\include\SDL_audio.h">
      <Filter>Archivos de origen\SDL</Filter>
    </ClInclude>
    <ClInclude Include="..\Source\SDL\include\SDL_bits.h">
      <Filter>Archivos de origen\SDL</Filter>
    </ClInclude>
    <ClInclude Include="..\Source\SDL\include\SDL_blendmode.h">
      <Filter>Archivos de origen\SDL</Filter>
    </ClInclude>
    <ClInclude Include="..\Source\SDL\include\SDL_clipboard.h">
      <Filter>Archivos de origen\SDL</Filter>
    </ClInclude>
    <ClInclude Include="..\Source\SDL\include\SDL_config.h">
      <Filter>Archivos de origen\SDL</Filter>
    </ClInclude>
    <ClInclude Include="..\Source\SDL\include\SDL_config_android.h">
      <Filter>Archivos de origen\SDL</Filter>
    </ClInclude>
    <ClInclude Include="..\Source\SDL\include\SDL_config_iphoneos.h">
      <Filter>Archivos de origen\SDL</Filter>
    </ClInclude>
    <ClInclude Include="..\Source\SDL\include\SDL_config_macosx.h">
      <Filter>Archivos de origen\SDL</Filter>
    </ClInclude>
    <ClInclude Include="..\Source\SDL\include\SDL_config_minimal.h">
      <Filter>Archivos de origen\SDL</Filter>
    </ClInclude>
    <ClInclude Include="..\Source\SDL\include\SDL_config_os2.h">
      <Filter>Archivos de origen\SDL</Filter>
    </ClInclude>
    <ClInclude Include="..\Source\SDL\include\SDL_config_pandora.h">
      <Filter>Archivos de origen\SDL</Filter>
    </ClInclude>
    <ClInclude Include="..\Source\SDL\include\SDL_config_psp.h">
      <Filter>Archivos de origen\SDL</Filter>
    </ClInclude>
    <ClInclude Include="..\Source\SDL\include\SDL_config_windows.h">
      <Filter>Archivos de origen\SDL</Filter>
    </ClInclude>
    <ClInclude Include="..\Source\SDL\include\SDL_config_winrt.h">
      <Filter>Archivos de origen\SDL</Filter>
    </ClInclude>
    <ClInclude Include="..\Source\SDL\include\SDL_config_wiz.h">
      <Filter>Archivos de origen\SDL</Filter>
    </ClInclude>
    <ClInclude Include="..\Source\SDL\include\SDL_copying.h">
      <Filter>Archivos de origen\SDL</Filter>
    </ClInclude>
    <ClInclude Include="..\Source\SDL\include\SDL_cpuinfo.h">
      <Filter>Archivos de origen\SDL</Filter>
    </ClInclude>
    <ClInclude Include="..\Source\SDL\include\SDL_egl.h">
      <Filter>Archivos de origen\SDL</Filter>
    </ClInclude>
    <ClInclude Include="..\Source\SDL\include\SDL_endian.h">
      <Filter>Archivos de origen\SDL</Filter>
    </ClInclude>
    <ClInclude Include="..\Source\SDL\include\SDL_error.h">
      <Filter>Archivos de origen\SDL</Filter>
    </ClInclude>
    <ClInclude Include="..\Source\SDL\include\SDL_events.h">
      <Filter>Archivos de origen\SDL</Filter>
    </ClInclude>
    <ClInclude Include="..\Source\SDL\include\SDL_filesystem.h">
      <Filter>Archivos de origen\SDL</Filter>
    </ClInclude>
    <ClInclude Include="..\Source\SDL\include\SDL_gamecontroller.h">
      <Filter>Archivos de origen\SDL</Filter>
    </ClInclude>
    <ClInclude Include="..\Source\SDL\include\SDL_gesture.h">
      <Filter>Archivos de origen\SDL</Filter>
    </ClInclude>
    <ClInclude Include="..\Source\SDL\include\SDL_haptic.h">
      <Filter>Archivos de origen\SDL</Filter>
    </ClInclude>
    <ClInclude Include="..\Source\SDL\include\SDL_hints.h">
      <Filter>Archivos de origen\SDL</Filter>
    </ClInclude>
    <ClInclude Include="..\Source\SDL\include\SDL_joystick.h">
      <Filter>Archivos de origen\SDL</Filter>
    </ClInclude>
    <ClInclude Include="..\Source\SDL\include\SDL_keyboard.h">
      <Filter>Archivos de origen\SDL</Filter>
    </ClInclude>
    <ClInclude Include="..\Source\SDL\include\SDL_keycode.h">
      <Filter>Archivos de origen\SDL</Filter>
    </ClInclude>
    <ClInclude Include="..\Source\SDL\include\SDL_loadso.h">
      <Filter>Archivos de origen\SDL</Filter>
    </ClInclude>
    <ClInclude Include="..\Source\SDL\include\SDL_log.h">
      <Filter>Archivos de origen\SDL</Filter>
    </ClInclude>
    <ClInclude Include="..\Source\SDL\include\SDL_main.h">
      <Filter>Archivos de origen\SDL</Filter>
    </ClInclude>
    <ClInclude Include="..\Source\SDL\include\SDL_messagebox.h">
      <Filter>Archivos de origen\SDL</Filter>
    </ClInclude>
    <ClInclude Include="..\Source\SDL\include\SDL_mouse.h">
      <Filter>Archivos de origen\SDL</Filter>
    </ClInclude>
    <ClInclude Include="..\Source\SDL\include\SDL_mutex.h">
      <Filter>Archivos de origen\SDL</Filter>
    </ClInclude>
    <ClInclude Include="..\Source\SDL\include\SDL_name.h">
      <Filter>Archivos de origen\SDL</Filter>
    </ClInclude>
    <ClInclude Include="..\Source\SDL\include\SDL_opengl.h">
      <Filter>Archivos de origen\SDL</Filter>
    </ClInclude>
    <ClInclude Include="..\Source\SDL\include\SDL_opengl_glext.h">
      <Filter>Archivos de origen\SDL</Filter>
    </ClInclude>
    <ClInclude Include="..\Source\SDL\include\SDL_opengles.h">
      <Filter>Archivos de origen\SDL</Filter>
    </ClInclude>
    <ClInclude Include="..\Source\SDL\include\SDL_opengles2.h">
      <Filter>Archivos de origen\SDL</Filter>
    </ClInclude>
    <ClInclude Include="..\Source\SDL\include\SDL_opengles2_gl2.h">
      <Filter>Archivos de origen\SDL</Filter>
    </ClInclude>
    <ClInclude Include="..\Source\SDL\include\SDL_opengles2_gl2ext.h">
      <Filter>Archivos de origen\SDL</Filter>
    </ClInclude>
    <ClInclude Include="..\Source\SDL\include\SDL_opengles2_gl2platform.h">
      <Filter>Archivos de origen\SDL</Filter>
    </ClInclude>
    <ClInclude Include="..\Source\SDL\include\SDL_opengles2_khrplatform.h">
      <Filter>Archivos de origen\SDL</Filter>
    </ClInclude>
    <ClInclude Include="..\Source\SDL\include\SDL_pixels.h">
      <Filter>Archivos de origen\SDL</Filter>
    </ClInclude>
    <ClInclude Include="..\Source\SDL\include\SDL_platform.h">
      <Filter>Archivos de origen\SDL</Filter>
    </ClInclude>
    <ClInclude Include="..\Source\SDL\include\SDL_power.h">
      <Filter>Archivos de origen\SDL</Filter>
    </ClInclude>
    <ClInclude Include="..\Source\SDL\include\SDL_quit.h">
      <Filter>Archivos de origen\SDL</Filter>
    </ClInclude>
    <ClInclude Include="..\Source\SDL\include\SDL_rect.h">
      <Filter>Archivos de origen\SDL</Filter>
    </ClInclude>
    <ClInclude Include="..\Source\SDL\include\SDL_render.h">
      <Filter>Archivos de origen\SDL</Filter>
    </ClInclude>
    <ClInclude Include="..\Source\SDL\include\SDL_revision.h">
      <Filter>Archivos de origen\SDL</Filter>
    </ClInclude>
    <ClInclude Include="..\Source\SDL\include\SDL_rwops.h">
      <Filter>Archivos de origen\SDL</Filter>
    </ClInclude>
    <ClInclude Include="..\Source\SDL\include\SDL_scancode.h">
      <Filter>Archivos de origen\SDL</Filter>
    </ClInclude>
    <ClInclude Include="..\Source\SDL\include\SDL_sensor.h">
      <Filter>Archivos de origen\SDL</Filter>
    </ClInclude>
    <ClInclude Include="..\Source\SDL\include\SDL_shape.h">
      <Filter>Archivos de origen\SDL</Filter>
    </ClInclude>
    <ClInclude Include="..\Source\SDL\include\SDL_stdinc.h">
      <Filter>Archivos de origen\SDL</Filter>
    </ClInclude>
    <ClInclude Include="..\Source\SDL\include\SDL_surface.h">
      <Filter>Archivos de origen\SDL</Filter>
    </ClInclude>
    <ClInclude Include="..\Source\SDL\include\SDL_system.h">
      <Filter>Archivos de origen\SDL</Filter>
    </ClInclude>
    <ClInclude Include="ModuleWindow.h">
      <Filter>Archivos de recursos\Modules</Filter>
    </ClInclude>
    <ClInclude Include="Globals.h">
      <Filter>Archivos de recursos</Filter>
    </ClInclude>
    <ClInclude Include="ModuleImGUI.h">
      <Filter>Archivos de recursos\Modules</Filter>
    </ClInclude>
    <ClInclude Include="ImGUI\include\imconfig.h">
      <Filter>Archivos de origen\ImGUI</Filter>
    </ClInclude>
    <ClInclude Include="ImGUI\include\imgui.h">
      <Filter>Archivos de origen\ImGUI</Filter>
    </ClInclude>
    <ClInclude Include="ImGUI\include\imgui_internal.h">
      <Filter>Archivos de origen\ImGUI</Filter>
    </ClInclude>
    <ClInclude Include="ImGUI\include\imstb_rectpack.h">
      <Filter>Archivos de origen\ImGUI</Filter>
    </ClInclude>
    <ClInclude Include="ImGUI\include\imstb_textedit.h">
      <Filter>Archivos de origen\ImGUI</Filter>
    </ClInclude>
    <ClInclude Include="ImGUI\include\imstb_truetype.h">
      <Filter>Archivos de origen\ImGUI</Filter>
    </ClInclude>
    <ClInclude Include="ImGUI\include\imgui_impl_opengl3.h">
      <Filter>Archivos de origen\ImGUI</Filter>
    </ClInclude>
    <ClInclude Include="ImGUI\include\imgui_impl_sdl.h">
      <Filter>Archivos de origen\ImGUI</Filter>
    </ClInclude>
    <ClInclude Include="PanelHierarchy.h">
      <Filter>Archivos de recursos\Panels</Filter>
    </ClInclude>
    <ClInclude Include="Panel.h">
      <Filter>Archivos de recursos\Panels</Filter>
    </ClInclude>
    <ClInclude Include="GameObject.h">
      <Filter>Archivos de recursos\GameObject System</Filter>
    </ClInclude>
    <ClInclude Include="ModuleScene.h">
      <Filter>Archivos de recursos\Modules</Filter>
    </ClInclude>
  </ItemGroup>
  <ItemGroup>
    <None Include="..\Source\SDL\include\SDL_config.h.cmake">
      <Filter>Archivos de origen\SDL</Filter>
    </None>
    <None Include="..\Source\SDL\include\SDL_config.h.in">
      <Filter>Archivos de origen\SDL</Filter>
    </None>
  </ItemGroup>
</Project>